{
  "name": "node-red-lightwaverf",
  "version": "0.3.0",
  "lockfileVersion": 1,
  "requires": true,
  "dependencies": {
    "lightwaverf": {
      "version": "0.0.1",
      "resolved": "https://registry.npmjs.org/lightwaverf/-/lightwaverf-0.0.1.tgz",
      "integrity": "sha512-itKlN05eyqp/JaXcKx67HvDfPrZ8JlqYrIAKIPcEcHZUSPeKg8TJ0apqK0ht9qcc57PN2jBdvyjmap2gUPzQLg=="
    }
  }
}
